{
  "name": "@supplycart/ui",
  "version": "1.0.0",
  "lockfileVersion": 1,
  "requires": true,
  "dependencies": {
    "dinero.js": {
      "version": "1.7.0",
      "resolved": "https://registry.npmjs.org/dinero.js/-/dinero.js-1.7.0.tgz",
      "integrity": "sha512-Xt4zNp24gaUEEoZuBmSN9IKZw72D93EO5DO/R81cJB3kfOvYvGzaO4xQwFwNbQoVOSD9bvSpwZGJKssfI5jz1g==",
      "dev": true
    },
    "flatpickr": {
      "version": "4.6.3",
      "resolved": "https://registry.npmjs.org/flatpickr/-/flatpickr-4.6.3.tgz",
      "integrity": "sha512-007VucCkqNOMMb9ggRLNuJowwaJcyOh4sKAFcdGfahfGc7JQbf94zSzjdBq/wVyHWUEs5o3+idhFZ0wbZMRmVQ==",
      "dev": true
    },
    "lodash": {
      "version": "4.17.15",
      "resolved": "https://registry.npmjs.org/lodash/-/lodash-4.17.15.tgz",
      "integrity": "sha512-8xOcRHvCjnocdS5cpwXQXVzmmh5e5+saE2QGoeQmbKmRS6J3VQppPOIt0MnmE+4xlZoumy0GPG0D0MVIQbNA1A==",
      "dev": true
    },
    "moment": {
      "version": "2.24.0",
      "resolved": "https://registry.npmjs.org/moment/-/moment-2.24.0.tgz",
      "integrity": "sha512-bV7f+6l2QigeBBZSM/6yTNq4P2fNpSWj/0e7jQcy87A8e7o2nAfP/34/2ky5Vw4B9S446EtIhodAzkFCcR4dQg=="
    },
    "moment-timezone": {
      "version": "0.5.28",
      "resolved": "https://registry.npmjs.org/moment-timezone/-/moment-timezone-0.5.28.tgz",
      "integrity": "sha512-TDJkZvAyKIVWg5EtVqRzU97w0Rb0YVbfpqyjgu6GwXCAohVRqwZjf4fOzDE6p1Ch98Sro/8hQQi65WDXW5STPw==",
      "requires": {
        "moment": ">= 2.9.0"
      }
    },
    "numeral": {
      "version": "2.0.6",
      "resolved": "https://registry.npmjs.org/numeral/-/numeral-2.0.6.tgz",
      "integrity": "sha1-StCAk21EPCVhrtnyGX7//iX05QY=",
      "dev": true
    },
    "vue": {
      "version": "2.6.11",
      "resolved": "https://registry.npmjs.org/vue/-/vue-2.6.11.tgz",
      "integrity": "sha512-VfPwgcGABbGAue9+sfrD4PuwFar7gPb1yl1UK1MwXoQPAw0BKSqWfoYCT/ThFrdEVWoI51dBuyCoiNU9bZDZxQ==",
      "dev": true
    },
    "vue-currency-input": {
      "version": "1.17.3",
      "resolved": "https://registry.npmjs.org/vue-currency-input/-/vue-currency-input-1.17.3.tgz",
      "integrity": "sha512-//pJKFc94FbBi0qyaCEp9Ja4PjxafZaL0Vpx5AW106YDu48EyaNHrT0RyZlsgVQpyy/+uVrDwE3jQDTZVMN+tQ==",
      "dev": true
    },
    "vue-flatpickr-component": {
      "version": "8.1.5",
      "resolved": "https://registry.npmjs.org/vue-flatpickr-component/-/vue-flatpickr-component-8.1.5.tgz",
      "integrity": "sha512-whrR+WM7fWyHW+1ZxCx7uVSuOlTeZXEMzhsgcILXGxIzQxr5uX5RlS5amLXdGGSSVf+zukrb6MvYit/uIkhk3Q==",
      "dev": true,
      "requires": {
        "flatpickr": "^4.6.1"
      }
    }
  }
}
